
Microsoft Visual Studio Solution File, Format Version 12.00
# Visual Studio Version 17
VisualStudioVersion = 17.9.34701.34
MinimumVisualStudioVersion = 10.0.40219.1
Project("{FAE04EC0-301F-11D3-BF4B-00C04F79EFBC}") = "IdentitySecurityTesting", "IdentitySecurityTesting\IdentitySecurityTesting.csproj", "{35689806-7B0A-42EA-B576-4A4C3DBC11CC}"
EndProject
Global
	GlobalSection(SolutionConfigurationPlatforms) = preSolution
		Debug|Any CPU = Debug|Any CPU
		Release|Any CPU = Release|Any CPU
	EndGlobalSection
	GlobalSection(ProjectConfigurationPlatforms) = postSolution
		{35689806-7B0A-42EA-B576-4A4C3DBC11CC}.Debug|Any CPU.ActiveCfg = Debug|Any CPU
		{35689806-7B0A-42EA-B576-4A4C3DBC11CC}.Debug|Any CPU.Build.0 = Debug|Any CPU
		{35689806-7B0A-42EA-B576-4A4C3DBC11CC}.Release|Any CPU.ActiveCfg = Release|Any CPU
		{35689806-7B0A-42EA-B576-4A4C3DBC11CC}.Release|Any CPU.Build.0 = Release|Any CPU
	EndGlobalSection
	GlobalSection(SolutionProperties) = preSolution
		HideSolutionNode = FALSE
	EndGlobalSection
	GlobalSection(ExtensibilityGlobals) = postSolution
		SolutionGuid = {CBDFDFBF-15AC-46DE-B259-BEC8D8272E6D}
	EndGlobalSection
EndGlobal
